
Microsoft Visual Studio Solution File, Format Version 12.00
# Visual Studio 14
VisualStudioVersion = 14.0.25420.1
MinimumVisualStudioVersion = 10.0.40219.1
Project("{8BC9CEB8-8B4A-11D0-8D11-00A0C91BC942}") = "ProcessLauncher", "ProcessLauncher\ProcessLauncher.vcxproj", "{CB3D8559-8F0F-4343-AF0B-3E1BEC1BC50D}"
EndProject
Project("{8BC9CEB8-8B4A-11D0-8D11-00A0C91BC942}") = "GameServer", "GameServer\GameServer.vcxproj", "{86413759-BFF5-4AA3-8FF5-1D1FA87AAC4B}"
	ProjectSection(ProjectDependencies) = postProject
		{CB3D8559-8F0F-4343-AF0B-3E1BEC1BC50D} = {CB3D8559-8F0F-4343-AF0B-3E1BEC1BC50D}
	EndProjectSection
EndProject
Project("{FAE04EC0-301F-11D3-BF4B-00C04F79EFBC}") = "CodeGenerator", "CodeGenerator\CodeGenerator.csproj", "{3C9D090F-4F97-444A-A3B5-FBD5FC5FB7D9}"
EndProject
Project("{8BC9CEB8-8B4A-11D0-8D11-00A0C91BC942}") = "DynamicLoader", "DynamicLoader\DynamicLoader.vcxproj", "{BCF0DD64-4AF5-4088-B375-F95A727D2FE9}"
EndProject
Project("{8BC9CEB8-8B4A-11D0-8D11-00A0C91BC942}") = "CommandLine", "CommandLine\CommandLine.vcxproj", "{EDEE3C05-5FBD-4D3B-93F5-4A281C6F6203}"
EndProject
Project("{8BC9CEB8-8B4A-11D0-8D11-00A0C91BC942}") = "Server", "Server\Server.vcxproj", "{59FD791B-8823-4E7C-84FC-D1D3314ADF1F}"
EndProject
Project("{8BC9CEB8-8B4A-11D0-8D11-00A0C91BC942}") = "FreeMarketServer", "FreeMarketServer\FreeMarketServer.vcxproj", "{1B223FF5-1D2E-4504-A7A7-3F73F8BF54BE}"
EndProject
Project("{8BC9CEB8-8B4A-11D0-8D11-00A0C91BC942}") = "FreeMarketClient", "FreeMarketClient\FreeMarketClient.vcxproj", "{68755A80-53AF-4852-9E05-C94155CC3897}"
EndProject
Global
	GlobalSection(SolutionConfigurationPlatforms) = preSolution
		Debug|Any CPU = Debug|Any CPU
		Debug|x64 = Debug|x64
		Debug|x86 = Debug|x86
		Release|Any CPU = Release|Any CPU
		Release|x64 = Release|x64
		Release|x86 = Release|x86
	EndGlobalSection
	GlobalSection(ProjectConfigurationPlatforms) = postSolution
		{CB3D8559-8F0F-4343-AF0B-3E1BEC1BC50D}.Debug|Any CPU.ActiveCfg = Debug|Win32
		{CB3D8559-8F0F-4343-AF0B-3E1BEC1BC50D}.Debug|x64.ActiveCfg = Debug|x64
		{CB3D8559-8F0F-4343-AF0B-3E1BEC1BC50D}.Debug|x64.Build.0 = Debug|x64
		{CB3D8559-8F0F-4343-AF0B-3E1BEC1BC50D}.Debug|x86.ActiveCfg = Debug|Win32
		{CB3D8559-8F0F-4343-AF0B-3E1BEC1BC50D}.Debug|x86.Build.0 = Debug|Win32
		{CB3D8559-8F0F-4343-AF0B-3E1BEC1BC50D}.Release|Any CPU.ActiveCfg = Release|Win32
		{CB3D8559-8F0F-4343-AF0B-3E1BEC1BC50D}.Release|x64.ActiveCfg = Release|x64
		{CB3D8559-8F0F-4343-AF0B-3E1BEC1BC50D}.Release|x64.Build.0 = Release|x64
		{CB3D8559-8F0F-4343-AF0B-3E1BEC1BC50D}.Release|x86.ActiveCfg = Release|Win32
		{CB3D8559-8F0F-4343-AF0B-3E1BEC1BC50D}.Release|x86.Build.0 = Release|Win32
		{86413759-BFF5-4AA3-8FF5-1D1FA87AAC4B}.Debug|Any CPU.ActiveCfg = Debug|Win32
		{86413759-BFF5-4AA3-8FF5-1D1FA87AAC4B}.Debug|x64.ActiveCfg = Debug|x64
		{86413759-BFF5-4AA3-8FF5-1D1FA87AAC4B}.Debug|x64.Build.0 = Debug|x64
		{86413759-BFF5-4AA3-8FF5-1D1FA87AAC4B}.Debug|x86.ActiveCfg = Debug|Win32
		{86413759-BFF5-4AA3-8FF5-1D1FA87AAC4B}.Debug|x86.Build.0 = Debug|Win32
		{86413759-BFF5-4AA3-8FF5-1D1FA87AAC4B}.Release|Any CPU.ActiveCfg = Release|Win32
		{86413759-BFF5-4AA3-8FF5-1D1FA87AAC4B}.Release|x64.ActiveCfg = Release|x64
		{86413759-BFF5-4AA3-8FF5-1D1FA87AAC4B}.Release|x64.Build.0 = Release|x64
		{86413759-BFF5-4AA3-8FF5-1D1FA87AAC4B}.Release|x86.ActiveCfg = Release|Win32
		{86413759-BFF5-4AA3-8FF5-1D1FA87AAC4B}.Release|x86.Build.0 = Release|Win32
		{3C9D090F-4F97-444A-A3B5-FBD5FC5FB7D9}.Debug|Any CPU.ActiveCfg = Debug|Any CPU
		{3C9D090F-4F97-444A-A3B5-FBD5FC5FB7D9}.Debug|Any CPU.Build.0 = Debug|Any CPU
		{3C9D090F-4F97-444A-A3B5-FBD5FC5FB7D9}.Debug|x64.ActiveCfg = Debug|Any CPU
		{3C9D090F-4F97-444A-A3B5-FBD5FC5FB7D9}.Debug|x64.Build.0 = Debug|Any CPU
		{3C9D090F-4F97-444A-A3B5-FBD5FC5FB7D9}.Debug|x86.ActiveCfg = Debug|Any CPU
		{3C9D090F-4F97-444A-A3B5-FBD5FC5FB7D9}.Debug|x86.Build.0 = Debug|Any CPU
		{3C9D090F-4F97-444A-A3B5-FBD5FC5FB7D9}.Release|Any CPU.ActiveCfg = Release|Any CPU
		{3C9D090F-4F97-444A-A3B5-FBD5FC5FB7D9}.Release|Any CPU.Build.0 = Release|Any CPU
		{3C9D090F-4F97-444A-A3B5-FBD5FC5FB7D9}.Release|x64.ActiveCfg = Release|Any CPU
		{3C9D090F-4F97-444A-A3B5-FBD5FC5FB7D9}.Release|x64.Build.0 = Release|Any CPU
		{3C9D090F-4F97-444A-A3B5-FBD5FC5FB7D9}.Release|x86.ActiveCfg = Release|Any CPU
		{3C9D090F-4F97-444A-A3B5-FBD5FC5FB7D9}.Release|x86.Build.0 = Release|Any CPU
		{BCF0DD64-4AF5-4088-B375-F95A727D2FE9}.Debug|Any CPU.ActiveCfg = Debug|Win32
		{BCF0DD64-4AF5-4088-B375-F95A727D2FE9}.Debug|x64.ActiveCfg = Debug|x64
		{BCF0DD64-4AF5-4088-B375-F95A727D2FE9}.Debug|x64.Build.0 = Debug|x64
		{BCF0DD64-4AF5-4088-B375-F95A727D2FE9}.Debug|x86.ActiveCfg = Debug|Win32
		{BCF0DD64-4AF5-4088-B375-F95A727D2FE9}.Debug|x86.Build.0 = Debug|Win32
		{BCF0DD64-4AF5-4088-B375-F95A727D2FE9}.Release|Any CPU.ActiveCfg = Release|Win32
		{BCF0DD64-4AF5-4088-B375-F95A727D2FE9}.Release|x64.ActiveCfg = Release|x64
		{BCF0DD64-4AF5-4088-B375-F95A727D2FE9}.Release|x64.Build.0 = Release|x64
		{BCF0DD64-4AF5-4088-B375-F95A727D2FE9}.Release|x86.ActiveCfg = Release|Win32
		{BCF0DD64-4AF5-4088-B375-F95A727D2FE9}.Release|x86.Build.0 = Release|Win32
		{EDEE3C05-5FBD-4D3B-93F5-4A281C6F6203}.Debug|Any CPU.ActiveCfg = Debug|Win32
		{EDEE3C05-5FBD-4D3B-93F5-4A281C6F6203}.Debug|x64.ActiveCfg = Debug|x64
		{EDEE3C05-5FBD-4D3B-93F5-4A281C6F6203}.Debug|x64.Build.0 = Debug|x64
		{EDEE3C05-5FBD-4D3B-93F5-4A281C6F6203}.Debug|x86.ActiveCfg = Debug|Win32
		{EDEE3C05-5FBD-4D3B-93F5-4A281C6F6203}.Debug|x86.Build.0 = Debug|Win32
		{EDEE3C05-5FBD-4D3B-93F5-4A281C6F6203}.Release|Any CPU.ActiveCfg = Release|Win32
		{EDEE3C05-5FBD-4D3B-93F5-4A281C6F6203}.Release|x64.ActiveCfg = Release|x64
		{EDEE3C05-5FBD-4D3B-93F5-4A281C6F6203}.Release|x64.Build.0 = Release|x64
		{EDEE3C05-5FBD-4D3B-93F5-4A281C6F6203}.Release|x86.ActiveCfg = Release|Win32
		{EDEE3C05-5FBD-4D3B-93F5-4A281C6F6203}.Release|x86.Build.0 = Release|Win32
		{59FD791B-8823-4E7C-84FC-D1D3314ADF1F}.Debug|Any CPU.ActiveCfg = Debug|Win32
		{59FD791B-8823-4E7C-84FC-D1D3314ADF1F}.Debug|x64.ActiveCfg = Debug|x64
		{59FD791B-8823-4E7C-84FC-D1D3314ADF1F}.Debug|x64.Build.0 = Debug|x64
		{59FD791B-8823-4E7C-84FC-D1D3314ADF1F}.Debug|x86.ActiveCfg = Debug|Win32
		{59FD791B-8823-4E7C-84FC-D1D3314ADF1F}.Debug|x86.Build.0 = Debug|Win32
		{59FD791B-8823-4E7C-84FC-D1D3314ADF1F}.Release|Any CPU.ActiveCfg = Release|Win32
		{59FD791B-8823-4E7C-84FC-D1D3314ADF1F}.Release|x64.ActiveCfg = Release|x64
		{59FD791B-8823-4E7C-84FC-D1D3314ADF1F}.Release|x64.Build.0 = Release|x64
		{59FD791B-8823-4E7C-84FC-D1D3314ADF1F}.Release|x86.ActiveCfg = Release|Win32
		{59FD791B-8823-4E7C-84FC-D1D3314ADF1F}.Release|x86.Build.0 = Release|Win32
		{1B223FF5-1D2E-4504-A7A7-3F73F8BF54BE}.Debug|Any CPU.ActiveCfg = Debug|Win32
		{1B223FF5-1D2E-4504-A7A7-3F73F8BF54BE}.Debug|x64.ActiveCfg = Debug|x64
		{1B223FF5-1D2E-4504-A7A7-3F73F8BF54BE}.Debug|x64.Build.0 = Debug|x64
		{1B223FF5-1D2E-4504-A7A7-3F73F8BF54BE}.Debug|x86.ActiveCfg = Debug|Win32
		{1B223FF5-1D2E-4504-A7A7-3F73F8BF54BE}.Debug|x86.Build.0 = Debug|Win32
		{1B223FF5-1D2E-4504-A7A7-3F73F8BF54BE}.Release|Any CPU.ActiveCfg = Release|Win32
		{1B223FF5-1D2E-4504-A7A7-3F73F8BF54BE}.Release|x64.ActiveCfg = Release|x64
		{1B223FF5-1D2E-4504-A7A7-3F73F8BF54BE}.Release|x64.Build.0 = Release|x64
		{1B223FF5-1D2E-4504-A7A7-3F73F8BF54BE}.Release|x86.ActiveCfg = Release|Win32
		{1B223FF5-1D2E-4504-A7A7-3F73F8BF54BE}.Release|x86.Build.0 = Release|Win32
		{68755A80-53AF-4852-9E05-C94155CC3897}.Debug|Any CPU.ActiveCfg = Debug|Win32
		{68755A80-53AF-4852-9E05-C94155CC3897}.Debug|x64.ActiveCfg = Debug|x64
		{68755A80-53AF-4852-9E05-C94155CC3897}.Debug|x64.Build.0 = Debug|x64
		{68755A80-53AF-4852-9E05-C94155CC3897}.Debug|x86.ActiveCfg = Debug|Win32
		{68755A80-53AF-4852-9E05-C94155CC3897}.Debug|x86.Build.0 = Debug|Win32
		{68755A80-53AF-4852-9E05-C94155CC3897}.Release|Any CPU.ActiveCfg = Release|Win32
		{68755A80-53AF-4852-9E05-C94155CC3897}.Release|x64.ActiveCfg = Release|x64
		{68755A80-53AF-4852-9E05-C94155CC3897}.Release|x64.Build.0 = Release|x64
		{68755A80-53AF-4852-9E05-C94155CC3897}.Release|x86.ActiveCfg = Release|Win32
		{68755A80-53AF-4852-9E05-C94155CC3897}.Release|x86.Build.0 = Release|Win32
	EndGlobalSection
	GlobalSection(SolutionProperties) = preSolution
		HideSolutionNode = FALSE
	EndGlobalSection
EndGlobal
