<?xml version="1.0" encoding="utf-8"?>
<Project ToolsVersion="4.0" xmlns="http://schemas.microsoft.com/developer/msbuild/2003">
  <ItemGroup>
    <Filter Include="Source Files">
      <UniqueIdentifier>{4FC737F1-C7A5-4376-A066-2A32D752A2FF}</UniqueIdentifier>
      <Extensions>cpp;c;cc;cxx;def;odl;idl;hpj;bat;asm;asmx</Extensions>
    </Filter>
    <Filter Include="Header Files">
      <UniqueIdentifier>{93995380-89BD-4b04-88EB-625FBE52EBFB}</UniqueIdentifier>
      <Extensions>h;hh;hpp;hxx;hm;inl;inc;xsd</Extensions>
    </Filter>
    <Filter Include="Resource Files">
      <UniqueIdentifier>{67DA6AB6-F800-4c08-8B7A-83BB121AAD01}</UniqueIdentifier>
      <Extensions>rc;ico;cur;bmp;dlg;rc2;rct;bin;rgs;gif;jpg;jpeg;jpe;resx;tiff;tif;png;wav;mfcribbon-ms</Extensions>
    </Filter>
    <Filter Include="generated">
      <UniqueIdentifier>{fd185f02-8cd9-4a83-9758-91d36fb08095}</UniqueIdentifier>
    </Filter>
    <Filter Include="generated headers">
      <UniqueIdentifier>{9e010679-1ff4-467d-a4f5-877e8056e14d}</UniqueIdentifier>
    </Filter>
  </ItemGroup>
  <ItemGroup>
    <ClCompile Include="Main.cpp">
      <Filter>Source Files</Filter>
    </ClCompile>
    <ClCompile Include="..\FreeMarket\generated\cxx\Building.cpp">
      <Filter>generated</Filter>
    </ClCompile>
    <ClCompile Include="..\FreeMarket\generated\cxx\Client.cpp">
      <Filter>generated</Filter>
    </ClCompile>
    <ClCompile Include="..\FreeMarket\generated\cxx\ClientWindows.cpp">
      <Filter>generated</Filter>
    </ClCompile>
    <ClCompile Include="..\FreeMarket\generated\cxx\Interface.cpp">
      <Filter>generated</Filter>
    </ClCompile>
    <ClCompile Include="..\FreeMarket\generated\cxx\Map.cpp">
      <Filter>generated</Filter>
    </ClCompile>
    <ClCompile Include="..\FreeMarket\generated\cxx\Auction.cpp">
      <Filter>generated</Filter>
    </ClCompile>
    <ClCompile Include="..\FreeMarket\generated\cxx\Power.cpp">
      <Filter>generated</Filter>
    </ClCompile>
    <ClCompile Include="..\FreeMarket\generated\cxx\Resource.cpp">
      <Filter>generated</Filter>
    </ClCompile>
    <ClCompile Include="..\FreeMarket\generated\cxx\Player.cpp">
      <Filter>generated</Filter>
    </ClCompile>
  </ItemGroup>
  <ItemGroup>
    <ClInclude Include="..\FreeMarket\generated\cxx\Map.h">
      <Filter>generated headers</Filter>
    </ClInclude>
    <ClInclude Include="..\FreeMarket\generated\cxx\Interface.h">
      <Filter>generated headers</Filter>
    </ClInclude>
    <ClInclude Include="..\FreeMarket\generated\cxx\Client.h">
      <Filter>generated headers</Filter>
    </ClInclude>
    <ClInclude Include="..\FreeMarket\generated\cxx\Building.h">
      <Filter>generated headers</Filter>
    </ClInclude>
    <ClInclude Include="..\FreeMarket\generated\cxx\Auction.h">
      <Filter>generated headers</Filter>
    </ClInclude>
    <ClInclude Include="..\FreeMarket\generated\cxx\Power.h">
      <Filter>generated headers</Filter>
    </ClInclude>
    <ClInclude Include="..\FreeMarket\generated\cxx\Resource.h">
      <Filter>generated headers</Filter>
    </ClInclude>
    <ClInclude Include="..\FreeMarket\generated\cxx\Player.h">
      <Filter>generated headers</Filter>
    </ClInclude>
    <ClInclude Include="..\FreeMarket\generated\cxx\EnumHelper.h">
      <Filter>generated headers</Filter>
    </ClInclude>
  </ItemGroup>
</Project>